
Microsoft Visual Studio Solution File, Format Version 12.00
# Visual Studio Version 17
VisualStudioVersion = 17.13.35806.99 d17.13
MinimumVisualStudioVersion = 10.0.40219.1
Project("{FAE04EC0-301F-11D3-BF4B-00C04F79EFBC}") = "MenuPopupModelDemo", "MenuPopupModelDemo.csproj", "{1074354B-6BDD-468D-819D-EEE8E991161B}"
EndProject
Global
	GlobalSection(SolutionConfigurationPlatforms) = preSolution
		Debug|Any CPU = Debug|Any CPU
		Release|Any CPU = Release|Any CPU
	EndGlobalSection
	GlobalSection(ProjectConfigurationPlatforms) = postSolution
		{1074354B-6BDD-468D-819D-EEE8E991161B}.Debug|Any CPU.ActiveCfg = Debug|Any CPU
		{1074354B-6BDD-468D-819D-EEE8E991161B}.Debug|Any CPU.Build.0 = Debug|Any CPU
		{1074354B-6BDD-468D-819D-EEE8E991161B}.Release|Any CPU.ActiveCfg = Release|Any CPU
		{1074354B-6BDD-468D-819D-EEE8E991161B}.Release|Any CPU.Build.0 = Release|Any CPU
	EndGlobalSection
	GlobalSection(SolutionProperties) = preSolution
		HideSolutionNode = FALSE
	EndGlobalSection
	GlobalSection(ExtensibilityGlobals) = postSolution
		SolutionGuid = {9D5EED12-5273-4F2F-8E01-9E4AD2B6F931}
	EndGlobalSection
EndGlobal
